
Microsoft Visual Studio Solution File, Format Version 12.00
# Visual Studio 15
VisualStudioVersion = 15.0.27130.2026
MinimumVisualStudioVersion = 10.0.40219.1
Project("{9A19103F-16F7-4668-BE54-9A1E7A4F7556}") = "IniWrapper", "IniWrapper\IniWrapper.csproj", "{906DA6D9-B33E-41C5-B117-7A9FBC001B7D}"
EndProject
Project("{9A19103F-16F7-4668-BE54-9A1E7A4F7556}") = "IniWrapper.Tests", "IniWrapper.Tests\IniWrapper.Tests.csproj", "{6F043076-3119-4D65-A954-934C6BA0ED8B}"
EndProject
Project("{9A19103F-16F7-4668-BE54-9A1E7A4F7556}") = "IniWrapper.ModuleTests", "IniWrapper.ModuleTests\IniWrapper.ModuleTests.csproj", "{0FEAC12E-672B-4819-957B-5260804C7BDA}"
EndProject
Global
	GlobalSection(SolutionConfigurationPlatforms) = preSolution
		Debug|Any CPU = Debug|Any CPU
		Release|Any CPU = Release|Any CPU
	EndGlobalSection
	GlobalSection(ProjectConfigurationPlatforms) = postSolution
		{906DA6D9-B33E-41C5-B117-7A9FBC001B7D}.Debug|Any CPU.ActiveCfg = Debug|Any CPU
		{906DA6D9-B33E-41C5-B117-7A9FBC001B7D}.Debug|Any CPU.Build.0 = Debug|Any CPU
		{906DA6D9-B33E-41C5-B117-7A9FBC001B7D}.Release|Any CPU.ActiveCfg = Release|Any CPU
		{906DA6D9-B33E-41C5-B117-7A9FBC001B7D}.Release|Any CPU.Build.0 = Release|Any CPU
		{6F043076-3119-4D65-A954-934C6BA0ED8B}.Debug|Any CPU.ActiveCfg = Debug|Any CPU
		{6F043076-3119-4D65-A954-934C6BA0ED8B}.Debug|Any CPU.Build.0 = Debug|Any CPU
		{6F043076-3119-4D65-A954-934C6BA0ED8B}.Release|Any CPU.ActiveCfg = Release|Any CPU
		{6F043076-3119-4D65-A954-934C6BA0ED8B}.Release|Any CPU.Build.0 = Release|Any CPU
		{0FEAC12E-672B-4819-957B-5260804C7BDA}.Debug|Any CPU.ActiveCfg = Debug|Any CPU
		{0FEAC12E-672B-4819-957B-5260804C7BDA}.Debug|Any CPU.Build.0 = Debug|Any CPU
		{0FEAC12E-672B-4819-957B-5260804C7BDA}.Release|Any CPU.ActiveCfg = Release|Any CPU
		{0FEAC12E-672B-4819-957B-5260804C7BDA}.Release|Any CPU.Build.0 = Release|Any CPU
	EndGlobalSection
	GlobalSection(SolutionProperties) = preSolution
		HideSolutionNode = FALSE
	EndGlobalSection
	GlobalSection(ExtensibilityGlobals) = postSolution
		SolutionGuid = {B5456ACC-2B14-4EBB-A7EE-DF81CB969265}
	EndGlobalSection
EndGlobal
