
Microsoft Visual Studio Solution File, Format Version 12.00
# Visual Studio 15
VisualStudioVersion = 15.0.27130.2026
MinimumVisualStudioVersion = 10.0.40219.1
Project("{9A19103F-16F7-4668-BE54-9A1E7A4F7556}") = "IniWrapper", "IniWrapper\IniWrapper.csproj", "{633FC3EA-8BB7-47EA-A3C0-2707505153BE}"
EndProject
Project("{9A19103F-16F7-4668-BE54-9A1E7A4F7556}") = "IniWrapper.IntegrationTests", "IniWrapper.IntegrationTests\IniWrapper.IntegrationTests.csproj", "{9C26C710-2B3F-4938-B252-6FA6FEF0ABA8}"
EndProject
Project("{FAE04EC0-301F-11D3-BF4B-00C04F79EFBC}") = "IniWrapper.Tests", "IniWrapper.Tests\IniWrapper.Tests.csproj", "{0018A716-DBAA-4B63-B873-D9986A5A82E8}"
EndProject
Global
	GlobalSection(SolutionConfigurationPlatforms) = preSolution
		Debug|Any CPU = Debug|Any CPU
		Release|Any CPU = Release|Any CPU
	EndGlobalSection
	GlobalSection(ProjectConfigurationPlatforms) = postSolution
		{633FC3EA-8BB7-47EA-A3C0-2707505153BE}.Debug|Any CPU.ActiveCfg = Debug|Any CPU
		{633FC3EA-8BB7-47EA-A3C0-2707505153BE}.Debug|Any CPU.Build.0 = Debug|Any CPU
		{633FC3EA-8BB7-47EA-A3C0-2707505153BE}.Release|Any CPU.ActiveCfg = Release|Any CPU
		{633FC3EA-8BB7-47EA-A3C0-2707505153BE}.Release|Any CPU.Build.0 = Release|Any CPU
		{9C26C710-2B3F-4938-B252-6FA6FEF0ABA8}.Debug|Any CPU.ActiveCfg = Debug|Any CPU
		{9C26C710-2B3F-4938-B252-6FA6FEF0ABA8}.Debug|Any CPU.Build.0 = Debug|Any CPU
		{9C26C710-2B3F-4938-B252-6FA6FEF0ABA8}.Release|Any CPU.ActiveCfg = Release|Any CPU
		{9C26C710-2B3F-4938-B252-6FA6FEF0ABA8}.Release|Any CPU.Build.0 = Release|Any CPU
		{0018A716-DBAA-4B63-B873-D9986A5A82E8}.Debug|Any CPU.ActiveCfg = Debug|Any CPU
		{0018A716-DBAA-4B63-B873-D9986A5A82E8}.Debug|Any CPU.Build.0 = Debug|Any CPU
		{0018A716-DBAA-4B63-B873-D9986A5A82E8}.Release|Any CPU.ActiveCfg = Release|Any CPU
		{0018A716-DBAA-4B63-B873-D9986A5A82E8}.Release|Any CPU.Build.0 = Release|Any CPU
	EndGlobalSection
	GlobalSection(SolutionProperties) = preSolution
		HideSolutionNode = FALSE
	EndGlobalSection
	GlobalSection(ExtensibilityGlobals) = postSolution
		SolutionGuid = {B5456ACC-2B14-4EBB-A7EE-DF81CB969265}
	EndGlobalSection
EndGlobal
